
Microsoft Visual Studio Solution File, Format Version 12.00
# Visual Studio 15
VisualStudioVersion = 15.0.28307.421
MinimumVisualStudioVersion = 10.0.40219.1
Project("{FAE04EC0-301F-11D3-BF4B-00C04F79EFBC}") = "MigrationsDemo", "MigrationsDemo\MigrationsDemo.csproj", "{2CF125A8-64F6-40C9-AFA6-45DF3C290314}"
EndProject
Global
	GlobalSection(SolutionConfigurationPlatforms) = preSolution
		Debug|Any CPU = Debug|Any CPU
		Release|Any CPU = Release|Any CPU
	EndGlobalSection
	GlobalSection(ProjectConfigurationPlatforms) = postSolution
		{2CF125A8-64F6-40C9-AFA6-45DF3C290314}.Debug|Any CPU.ActiveCfg = Debug|Any CPU
		{2CF125A8-64F6-40C9-AFA6-45DF3C290314}.Debug|Any CPU.Build.0 = Debug|Any CPU
		{2CF125A8-64F6-40C9-AFA6-45DF3C290314}.Release|Any CPU.ActiveCfg = Release|Any CPU
		{2CF125A8-64F6-40C9-AFA6-45DF3C290314}.Release|Any CPU.Build.0 = Release|Any CPU
	EndGlobalSection
	GlobalSection(SolutionProperties) = preSolution
		HideSolutionNode = FALSE
	EndGlobalSection
	GlobalSection(ExtensibilityGlobals) = postSolution
		SolutionGuid = {B6BA9422-A630-4E8A-9680-4CE2B6E8841A}
	EndGlobalSection
EndGlobal
