
Microsoft Visual Studio Solution File, Format Version 12.00
# Visual Studio 15
VisualStudioVersion = 15.0.28307.421
MinimumVisualStudioVersion = 10.0.40219.1
Project("{FAE04EC0-301F-11D3-BF4B-00C04F79EFBC}") = "LifeCycleDemo", "LifeCycleDemo\LifeCycleDemo.csproj", "{8CBCC2DB-58DB-4798-8CF6-284E891E0060}"
EndProject
Project("{FAE04EC0-301F-11D3-BF4B-00C04F79EFBC}") = "InitDb", "InitDb\InitDb.csproj", "{82941F12-37D2-493A-AE2D-5658E41A1B9F}"
EndProject
Project("{FAE04EC0-301F-11D3-BF4B-00C04F79EFBC}") = "WindowsFormsApp1", "WindowsFormsApp1\WindowsFormsApp1.csproj", "{25ABB167-3CF4-4DE7-8C20-0175AB14DC79}"
EndProject
Global
	GlobalSection(SolutionConfigurationPlatforms) = preSolution
		Debug|Any CPU = Debug|Any CPU
		Release|Any CPU = Release|Any CPU
	EndGlobalSection
	GlobalSection(ProjectConfigurationPlatforms) = postSolution
		{8CBCC2DB-58DB-4798-8CF6-284E891E0060}.Debug|Any CPU.ActiveCfg = Debug|Any CPU
		{8CBCC2DB-58DB-4798-8CF6-284E891E0060}.Debug|Any CPU.Build.0 = Debug|Any CPU
		{8CBCC2DB-58DB-4798-8CF6-284E891E0060}.Release|Any CPU.ActiveCfg = Release|Any CPU
		{8CBCC2DB-58DB-4798-8CF6-284E891E0060}.Release|Any CPU.Build.0 = Release|Any CPU
		{82941F12-37D2-493A-AE2D-5658E41A1B9F}.Debug|Any CPU.ActiveCfg = Debug|Any CPU
		{82941F12-37D2-493A-AE2D-5658E41A1B9F}.Debug|Any CPU.Build.0 = Debug|Any CPU
		{82941F12-37D2-493A-AE2D-5658E41A1B9F}.Release|Any CPU.ActiveCfg = Release|Any CPU
		{82941F12-37D2-493A-AE2D-5658E41A1B9F}.Release|Any CPU.Build.0 = Release|Any CPU
		{25ABB167-3CF4-4DE7-8C20-0175AB14DC79}.Debug|Any CPU.ActiveCfg = Debug|Any CPU
		{25ABB167-3CF4-4DE7-8C20-0175AB14DC79}.Debug|Any CPU.Build.0 = Debug|Any CPU
		{25ABB167-3CF4-4DE7-8C20-0175AB14DC79}.Release|Any CPU.ActiveCfg = Release|Any CPU
		{25ABB167-3CF4-4DE7-8C20-0175AB14DC79}.Release|Any CPU.Build.0 = Release|Any CPU
	EndGlobalSection
	GlobalSection(SolutionProperties) = preSolution
		HideSolutionNode = FALSE
	EndGlobalSection
	GlobalSection(ExtensibilityGlobals) = postSolution
		SolutionGuid = {AC38D15F-83C2-444F-A9AF-1B7E0D19A0A0}
	EndGlobalSection
EndGlobal
