
Microsoft Visual Studio Solution File, Format Version 12.00
# Visual Studio 15
VisualStudioVersion = 15.0.27703.2042
MinimumVisualStudioVersion = 10.0.40219.1
Project("{FAE04EC0-301F-11D3-BF4B-00C04F79EFBC}") = "HelloAspNetMvcWorld", "HelloAspNetMvcWorld\HelloAspNetMvcWorld.csproj", "{20D66A09-602B-4997-A392-F35705EE71A9}"
EndProject
Global
	GlobalSection(SolutionConfigurationPlatforms) = preSolution
		Debug|Any CPU = Debug|Any CPU
		Release|Any CPU = Release|Any CPU
	EndGlobalSection
	GlobalSection(ProjectConfigurationPlatforms) = postSolution
		{20D66A09-602B-4997-A392-F35705EE71A9}.Debug|Any CPU.ActiveCfg = Debug|Any CPU
		{20D66A09-602B-4997-A392-F35705EE71A9}.Debug|Any CPU.Build.0 = Debug|Any CPU
		{20D66A09-602B-4997-A392-F35705EE71A9}.Release|Any CPU.ActiveCfg = Release|Any CPU
		{20D66A09-602B-4997-A392-F35705EE71A9}.Release|Any CPU.Build.0 = Release|Any CPU
	EndGlobalSection
	GlobalSection(SolutionProperties) = preSolution
		HideSolutionNode = FALSE
	EndGlobalSection
	GlobalSection(ExtensibilityGlobals) = postSolution
		SolutionGuid = {0AC49E93-672A-4734-A6E0-1456356A40C9}
	EndGlobalSection
EndGlobal
