
Microsoft Visual Studio Solution File, Format Version 12.00
# Visual Studio 15
VisualStudioVersion = 15.0.27703.2042
MinimumVisualStudioVersion = 10.0.40219.1
Project("{FAE04EC0-301F-11D3-BF4B-00C04F79EFBC}") = "WebApplicationQuizz", "WebApplicationQuizz\WebApplicationQuizz.csproj", "{0AC4E12C-73E9-45F5-91A4-E4F083857163}"
EndProject
Global
	GlobalSection(SolutionConfigurationPlatforms) = preSolution
		Debug|Any CPU = Debug|Any CPU
		Release|Any CPU = Release|Any CPU
	EndGlobalSection
	GlobalSection(ProjectConfigurationPlatforms) = postSolution
		{0AC4E12C-73E9-45F5-91A4-E4F083857163}.Debug|Any CPU.ActiveCfg = Debug|Any CPU
		{0AC4E12C-73E9-45F5-91A4-E4F083857163}.Debug|Any CPU.Build.0 = Debug|Any CPU
		{0AC4E12C-73E9-45F5-91A4-E4F083857163}.Release|Any CPU.ActiveCfg = Release|Any CPU
		{0AC4E12C-73E9-45F5-91A4-E4F083857163}.Release|Any CPU.Build.0 = Release|Any CPU
	EndGlobalSection
	GlobalSection(SolutionProperties) = preSolution
		HideSolutionNode = FALSE
	EndGlobalSection
	GlobalSection(ExtensibilityGlobals) = postSolution
		SolutionGuid = {DEFEF121-AB39-4E77-B35C-04738B44B432}
	EndGlobalSection
EndGlobal
