
Microsoft Visual Studio Solution File, Format Version 12.00
# Visual Studio 15
VisualStudioVersion = 15.0.28307.421
MinimumVisualStudioVersion = 10.0.40219.1
Project("{FAE04EC0-301F-11D3-BF4B-00C04F79EFBC}") = "IoC_Demo", "IoC_Demo\IoC_Demo.csproj", "{7181C637-8506-4CEE-9656-0D5C683D7C0A}"
EndProject
Global
	GlobalSection(SolutionConfigurationPlatforms) = preSolution
		Debug|Any CPU = Debug|Any CPU
		Release|Any CPU = Release|Any CPU
	EndGlobalSection
	GlobalSection(ProjectConfigurationPlatforms) = postSolution
		{7181C637-8506-4CEE-9656-0D5C683D7C0A}.Debug|Any CPU.ActiveCfg = Debug|Any CPU
		{7181C637-8506-4CEE-9656-0D5C683D7C0A}.Debug|Any CPU.Build.0 = Debug|Any CPU
		{7181C637-8506-4CEE-9656-0D5C683D7C0A}.Release|Any CPU.ActiveCfg = Release|Any CPU
		{7181C637-8506-4CEE-9656-0D5C683D7C0A}.Release|Any CPU.Build.0 = Release|Any CPU
	EndGlobalSection
	GlobalSection(SolutionProperties) = preSolution
		HideSolutionNode = FALSE
	EndGlobalSection
	GlobalSection(ExtensibilityGlobals) = postSolution
		SolutionGuid = {4B58D6C6-D06E-467C-ABFA-F2FEA22D7D77}
	EndGlobalSection
EndGlobal
